
Microsoft Visual Studio Solution File, Format Version 12.00
# Visual Studio Version 17
VisualStudioVersion = 17.7.34221.43
MinimumVisualStudioVersion = 10.0.40219.1
Project("{C9674DCB-5085-4A16-B785-4C70DD1589BD}") = "PROJECT5", "PROJECT5.dtproj", "{5D430C7F-1CF0-4806-831E-761089AEB091}"
EndProject
Global
	GlobalSection(SolutionConfigurationPlatforms) = preSolution
		Development|Default = Development|Default
	EndGlobalSection
	GlobalSection(ProjectConfigurationPlatforms) = postSolution
		{5D430C7F-1CF0-4806-831E-761089AEB091}.Development|Default.ActiveCfg = Development
		{5D430C7F-1CF0-4806-831E-761089AEB091}.Development|Default.Build.0 = Development
	EndGlobalSection
	GlobalSection(SolutionProperties) = preSolution
		HideSolutionNode = FALSE
	EndGlobalSection
	GlobalSection(ExtensibilityGlobals) = postSolution
		SolutionGuid = {F18FF111-1255-4323-A7BE-81326D58B83C}
	EndGlobalSection
EndGlobal
